
Microsoft Visual Studio Solution File, Format Version 12.00
# Visual Studio Version 17
VisualStudioVersion = 17.5.33414.496
MinimumVisualStudioVersion = 10.0.40219.1
Project("{FAE04EC0-301F-11D3-BF4B-00C04F79EFBC}") = "StudentsSystem", "StudentsSystem\StudentsSystem.csproj", "{FA5B764E-40CB-4380-8F35-BDA0B673182C}"
EndProject
Global
	GlobalSection(SolutionConfigurationPlatforms) = preSolution
		Debug|Any CPU = Debug|Any CPU
		Release|Any CPU = Release|Any CPU
	EndGlobalSection
	GlobalSection(ProjectConfigurationPlatforms) = postSolution
		{FA5B764E-40CB-4380-8F35-BDA0B673182C}.Debug|Any CPU.ActiveCfg = Debug|Any CPU
		{FA5B764E-40CB-4380-8F35-BDA0B673182C}.Debug|Any CPU.Build.0 = Debug|Any CPU
		{FA5B764E-40CB-4380-8F35-BDA0B673182C}.Release|Any CPU.ActiveCfg = Release|Any CPU
		{FA5B764E-40CB-4380-8F35-BDA0B673182C}.Release|Any CPU.Build.0 = Release|Any CPU
	EndGlobalSection
	GlobalSection(SolutionProperties) = preSolution
		HideSolutionNode = FALSE
	EndGlobalSection
	GlobalSection(ExtensibilityGlobals) = postSolution
		SolutionGuid = {E72F3271-03DB-4199-BEB5-47A8B9B670B7}
	EndGlobalSection
EndGlobal
